
Microsoft Visual Studio Solution File, Format Version 12.00
# Visual Studio 15
VisualStudioVersion = 15.0.28307.489
MinimumVisualStudioVersion = 10.0.40219.1
Project("{FAE04EC0-301F-11D3-BF4B-00C04F79EFBC}") = "PMS-1", "PMS-1\PMS-1.csproj", "{BF057786-D2DA-44D6-A2BC-C342D5688BE6}"
EndProject
Global
	GlobalSection(SolutionConfigurationPlatforms) = preSolution
		Debug|Any CPU = Debug|Any CPU
		Release|Any CPU = Release|Any CPU
	EndGlobalSection
	GlobalSection(ProjectConfigurationPlatforms) = postSolution
		{BF057786-D2DA-44D6-A2BC-C342D5688BE6}.Debug|Any CPU.ActiveCfg = Debug|Any CPU
		{BF057786-D2DA-44D6-A2BC-C342D5688BE6}.Debug|Any CPU.Build.0 = Debug|Any CPU
		{BF057786-D2DA-44D6-A2BC-C342D5688BE6}.Release|Any CPU.ActiveCfg = Release|Any CPU
		{BF057786-D2DA-44D6-A2BC-C342D5688BE6}.Release|Any CPU.Build.0 = Release|Any CPU
	EndGlobalSection
	GlobalSection(SolutionProperties) = preSolution
		HideSolutionNode = FALSE
	EndGlobalSection
	GlobalSection(ExtensibilityGlobals) = postSolution
		SolutionGuid = {C08350D4-7B69-4C8D-8922-60E29CA41EEB}
	EndGlobalSection
EndGlobal
